<?xml version="1.0" encoding="utf-8"?>
<Project ToolsVersion="4.0" xmlns="http://schemas.microsoft.com/developer/msbuild/2003">
  <ItemGroup>
    <Filter Include="tutorials">
      <UniqueIdentifier>{8A756018-4F4F-E64E-808C-18A1F0EFB835}</UniqueIdentifier>
    </Filter>
  </ItemGroup>
  <ItemGroup>
    <ClCompile Include="..\..\tutorials\evds_tutorial1.c">
      <Filter>tutorials</Filter>
    </ClCompile>
  </ItemGroup>
</Project>
